// !$*UTF8*$!
{
	archiveVersion = 1;
	classes = {
	};
	objectVersion = 51;
	objects = {

/* Begin PBXBuildFile section */
		825B2BAAFF1D73B6DD5468A4 /* Pods_Pesequel.framework in Frameworks */ = {isa = PBXBuildFile; fileRef = C0C41AF9196AA828DC7F6196 /* Pods_Pesequel.framework */; };
		E6162135233F99EF00691F46 /* RowDetailedTitleView.xib in Resources */ = {isa = PBXBuildFile; fileRef = E6162134233F99EF00691F46 /* RowDetailedTitleView.xib */; };
		E6162137233F9AA600691F46 /* RowDetailedTitleView.swift in Sources */ = {isa = PBXBuildFile; fileRef = E6162136233F9AA600691F46 /* RowDetailedTitleView.swift */; };
		E616213B233F9BE200691F46 /* CafesTableViewCell.swift in Sources */ = {isa = PBXBuildFile; fileRef = E6162139233F9BE200691F46 /* CafesTableViewCell.swift */; };
		E616213C233F9BE200691F46 /* CafesTableViewCell.xib in Resources */ = {isa = PBXBuildFile; fileRef = E616213A233F9BE200691F46 /* CafesTableViewCell.xib */; };
		E6162140233F9C8C00691F46 /* CafeCollectionViewCell.swift in Sources */ = {isa = PBXBuildFile; fileRef = E616213E233F9C8C00691F46 /* CafeCollectionViewCell.swift */; };
		E6162141233F9C8C00691F46 /* CafeCollectionViewCell.xib in Resources */ = {isa = PBXBuildFile; fileRef = E616213F233F9C8C00691F46 /* CafeCollectionViewCell.xib */; };
		E6162143233F9D2200691F46 /* Cafe.swift in Sources */ = {isa = PBXBuildFile; fileRef = E6162142233F9D2200691F46 /* Cafe.swift */; };
		E6162146233FA15D00691F46 /* ImageLoader.swift in Sources */ = {isa = PBXBuildFile; fileRef = E6162145233FA15D00691F46 /* ImageLoader.swift */; };
		E616214A233FA7DB00691F46 /* CafeViewController.swift in Sources */ = {isa = PBXBuildFile; fileRef = E6162148233FA7DB00691F46 /* CafeViewController.swift */; };
		E616214B233FA7DB00691F46 /* CafeViewController.xib in Resources */ = {isa = PBXBuildFile; fileRef = E6162149233FA7DB00691F46 /* CafeViewController.xib */; };
		E616214F233FAC0900691F46 /* CafeInfoTableViewCell.swift in Sources */ = {isa = PBXBuildFile; fileRef = E616214D233FAC0900691F46 /* CafeInfoTableViewCell.swift */; };
		E6162150233FAC0900691F46 /* CafeInfoTableViewCell.xib in Resources */ = {isa = PBXBuildFile; fileRef = E616214E233FAC0900691F46 /* CafeInfoTableViewCell.xib */; };
		E6162154233FAD8800691F46 /* ProductsTableViewCell.swift in Sources */ = {isa = PBXBuildFile; fileRef = E6162152233FAD8800691F46 /* ProductsTableViewCell.swift */; };
		E6162155233FAD8800691F46 /* ProductsTableViewCell.xib in Resources */ = {isa = PBXBuildFile; fileRef = E6162153233FAD8800691F46 /* ProductsTableViewCell.xib */; };
		E6162157233FAE2000691F46 /* Product.swift in Sources */ = {isa = PBXBuildFile; fileRef = E6162156233FAE2000691F46 /* Product.swift */; };
		E616215B233FB0E000691F46 /* ProductCollectionViewCell.swift in Sources */ = {isa = PBXBuildFile; fileRef = E6162159233FB0E000691F46 /* ProductCollectionViewCell.swift */; };
		E616215C233FB0E000691F46 /* ProductCollectionViewCell.xib in Resources */ = {isa = PBXBuildFile; fileRef = E616215A233FB0E000691F46 /* ProductCollectionViewCell.xib */; };
		E6162160233FB55100691F46 /* ScrollingTextsView.swift in Sources */ = {isa = PBXBuildFile; fileRef = E616215E233FB55100691F46 /* ScrollingTextsView.swift */; };
		E6162161233FB55100691F46 /* ScrollingTextsView.xib in Resources */ = {isa = PBXBuildFile; fileRef = E616215F233FB55100691F46 /* ScrollingTextsView.xib */; };
		E6162163233FD3C000691F46 /* Cart.swift in Sources */ = {isa = PBXBuildFile; fileRef = E6162162233FD3C000691F46 /* Cart.swift */; };
		E6162165233FD3D800691F46 /* CartProduct.swift in Sources */ = {isa = PBXBuildFile; fileRef = E6162164233FD3D800691F46 /* CartProduct.swift */; };
		E6162169233FE7C000691F46 /* CartViewController.swift in Sources */ = {isa = PBXBuildFile; fileRef = E6162167233FE7C000691F46 /* CartViewController.swift */; };
		E616216A233FE7C000691F46 /* CartViewController.xib in Resources */ = {isa = PBXBuildFile; fileRef = E6162168233FE7C000691F46 /* CartViewController.xib */; };
		E616216E233FE81400691F46 /* CartTableViewCell.swift in Sources */ = {isa = PBXBuildFile; fileRef = E616216C233FE81400691F46 /* CartTableViewCell.swift */; };
		E616216F233FE81400691F46 /* CartTableViewCell.xib in Resources */ = {isa = PBXBuildFile; fileRef = E616216D233FE81400691F46 /* CartTableViewCell.xib */; };
		E6162172233FF0F800691F46 /* SubtitleLabelView.xib in Resources */ = {isa = PBXBuildFile; fileRef = E6162171233FF0F800691F46 /* SubtitleLabelView.xib */; };
		E6162174233FF18D00691F46 /* SubtitleLabelView.swift in Sources */ = {isa = PBXBuildFile; fileRef = E6162173233FF18D00691F46 /* SubtitleLabelView.swift */; };
		E6162176233FF39300691F46 /* UITableView+HeaderHeight.swift in Sources */ = {isa = PBXBuildFile; fileRef = E6162175233FF39300691F46 /* UITableView+HeaderHeight.swift */; };
		E6162179233FFBB300691F46 /* UserMarker.swift in Sources */ = {isa = PBXBuildFile; fileRef = E6162178233FFBB300691F46 /* UserMarker.swift */; };
		E616217D2340020800691F46 /* SegmentTableViewCell.swift in Sources */ = {isa = PBXBuildFile; fileRef = E616217B2340020800691F46 /* SegmentTableViewCell.swift */; };
		E616217E2340020800691F46 /* SegmentTableViewCell.xib in Resources */ = {isa = PBXBuildFile; fileRef = E616217C2340020800691F46 /* SegmentTableViewCell.xib */; };
		E61621822340035500691F46 /* LabelTableViewCell.swift in Sources */ = {isa = PBXBuildFile; fileRef = E61621802340035500691F46 /* LabelTableViewCell.swift */; };
		E61621832340035500691F46 /* LabelTableViewCell.xib in Resources */ = {isa = PBXBuildFile; fileRef = E61621812340035500691F46 /* LabelTableViewCell.xib */; };
		E6162187234003E100691F46 /* PaymentAndTimeTableViewCell.swift in Sources */ = {isa = PBXBuildFile; fileRef = E6162185234003E100691F46 /* PaymentAndTimeTableViewCell.swift */; };
		E6162188234003E100691F46 /* PaymentAndTimeTableViewCell.xib in Resources */ = {isa = PBXBuildFile; fileRef = E6162186234003E100691F46 /* PaymentAndTimeTableViewCell.xib */; };
		E64B7C55233F770100A1B466 /* PlaceNameTableViewCell.swift in Sources */ = {isa = PBXBuildFile; fileRef = E64B7C53233F770100A1B466 /* PlaceNameTableViewCell.swift */; };
		E64B7C56233F770100A1B466 /* PlaceNameTableViewCell.xib in Resources */ = {isa = PBXBuildFile; fileRef = E64B7C54233F770100A1B466 /* PlaceNameTableViewCell.xib */; };
		E64B7C5A233F791A00A1B466 /* DetailButtonTableViewCell.swift in Sources */ = {isa = PBXBuildFile; fileRef = E64B7C58233F791A00A1B466 /* DetailButtonTableViewCell.swift */; };
		E64B7C5B233F791A00A1B466 /* DetailButtonTableViewCell.xib in Resources */ = {isa = PBXBuildFile; fileRef = E64B7C59233F791A00A1B466 /* DetailButtonTableViewCell.xib */; };
		E64B7C5D233F7ECC00A1B466 /* Constants.swift in Sources */ = {isa = PBXBuildFile; fileRef = E64B7C5C233F7ECC00A1B466 /* Constants.swift */; };
		E64B7C5F233F7F4200A1B466 /* AlamofireRequest+JSON.swift in Sources */ = {isa = PBXBuildFile; fileRef = E64B7C5E233F7F4200A1B466 /* AlamofireRequest+JSON.swift */; };
		E64B7C61233F7FF100A1B466 /* Decodable+JSON.swift in Sources */ = {isa = PBXBuildFile; fileRef = E64B7C60233F7FF100A1B466 /* Decodable+JSON.swift */; };
		E64B7C63233F8A1700A1B466 /* UILabel+ContentWidth.swift in Sources */ = {isa = PBXBuildFile; fileRef = E64B7C62233F8A1700A1B466 /* UILabel+ContentWidth.swift */; };
		E6B621AD233E92BC0060D8C1 /* AppDelegate.swift in Sources */ = {isa = PBXBuildFile; fileRef = E6B621AC233E92BC0060D8C1 /* AppDelegate.swift */; };
		E6B621B4233E92C00060D8C1 /* Assets.xcassets in Resources */ = {isa = PBXBuildFile; fileRef = E6B621B3233E92C00060D8C1 /* Assets.xcassets */; };
		E6B621B7233E92C00060D8C1 /* LaunchScreen.storyboard in Resources */ = {isa = PBXBuildFile; fileRef = E6B621B5233E92C00060D8C1 /* LaunchScreen.storyboard */; };
		E6B621C2233E92E10060D8C1 /* MapViewController.swift in Sources */ = {isa = PBXBuildFile; fileRef = E6B621C0233E92E10060D8C1 /* MapViewController.swift */; };
		E6B621C3233E92E10060D8C1 /* MapViewController.xib in Resources */ = {isa = PBXBuildFile; fileRef = E6B621C1233E92E10060D8C1 /* MapViewController.xib */; };
		E6B621C6233E94430060D8C1 /* Animation.swift in Sources */ = {isa = PBXBuildFile; fileRef = E6B621C5233E94430060D8C1 /* Animation.swift */; };
		E6B621C8233E94590060D8C1 /* Closures.swift in Sources */ = {isa = PBXBuildFile; fileRef = E6B621C7233E94590060D8C1 /* Closures.swift */; };
		E6B621CA233E94E20060D8C1 /* NavigationBarDecorator.swift in Sources */ = {isa = PBXBuildFile; fileRef = E6B621C9233E94E20060D8C1 /* NavigationBarDecorator.swift */; };
		E6B621CD233E96220060D8C1 /* UIView+RoundCorners.swift in Sources */ = {isa = PBXBuildFile; fileRef = E6B621CC233E96220060D8C1 /* UIView+RoundCorners.swift */; };
		E6B621D0233E96DA0060D8C1 /* LocationManager.swift in Sources */ = {isa = PBXBuildFile; fileRef = E6B621CF233E96DA0060D8C1 /* LocationManager.swift */; };
		E6BADD1A233F52660030B591 /* DefaultMarker.swift in Sources */ = {isa = PBXBuildFile; fileRef = E6BADD19233F52660030B591 /* DefaultMarker.swift */; };
		E6BADD1D233F59120030B591 /* CalloutView.xib in Resources */ = {isa = PBXBuildFile; fileRef = E6BADD1C233F59120030B591 /* CalloutView.xib */; };
		E6BADD1F233F59240030B591 /* CalloutView.swift in Sources */ = {isa = PBXBuildFile; fileRef = E6BADD1E233F59240030B591 /* CalloutView.swift */; };
		E6BADD23233F596B0030B591 /* NibLoadable.swift in Sources */ = {isa = PBXBuildFile; fileRef = E6BADD22233F596B0030B591 /* NibLoadable.swift */; };
		E6BADD26233F63AC0030B591 /* PlaceMarker.swift in Sources */ = {isa = PBXBuildFile; fileRef = E6BADD25233F63AC0030B591 /* PlaceMarker.swift */; };
		E6BADD29233F63EC0030B591 /* PlaceMarkerView.xib in Resources */ = {isa = PBXBuildFile; fileRef = E6BADD28233F63EC0030B591 /* PlaceMarkerView.xib */; };
		E6BADD2B233F63F40030B591 /* PlaceMarkerView.swift in Sources */ = {isa = PBXBuildFile; fileRef = E6BADD2A233F63F40030B591 /* PlaceMarkerView.swift */; };
		E6BADD2E233F69430030B591 /* Place.swift in Sources */ = {isa = PBXBuildFile; fileRef = E6BADD2D233F69430030B591 /* Place.swift */; };
		E6BADD30233F69E50030B591 /* PlaceManager.swift in Sources */ = {isa = PBXBuildFile; fileRef = E6BADD2F233F69E40030B591 /* PlaceManager.swift */; };
		E6BADD34233F6CD70030B591 /* PlaceViewController.swift in Sources */ = {isa = PBXBuildFile; fileRef = E6BADD32233F6CD70030B591 /* PlaceViewController.swift */; };
		E6BADD35233F6CD70030B591 /* PlaceViewController.xib in Resources */ = {isa = PBXBuildFile; fileRef = E6BADD33233F6CD70030B591 /* PlaceViewController.xib */; };
		E6BADD3A233F6DBC0030B591 /* MapsTableViewCell.swift in Sources */ = {isa = PBXBuildFile; fileRef = E6BADD38233F6DBC0030B591 /* MapsTableViewCell.swift */; };
		E6BADD3B233F6DBC0030B591 /* MapsTableViewCell.xib in Resources */ = {isa = PBXBuildFile; fileRef = E6BADD39233F6DBC0030B591 /* MapsTableViewCell.xib */; };
		E6BADD3D233F6F0B0030B591 /* UIView+Round.swift in Sources */ = {isa = PBXBuildFile; fileRef = E6BADD3C233F6F0B0030B591 /* UIView+Round.swift */; };
		E6BADD3F233F6F2A0030B591 /* UITableView+NibLoadable.swift in Sources */ = {isa = PBXBuildFile; fileRef = E6BADD3E233F6F2A0030B591 /* UITableView+NibLoadable.swift */; };
		E6BADD41233F70830030B591 /* BasicTableViewCell.swift in Sources */ = {isa = PBXBuildFile; fileRef = E6BADD40233F70830030B591 /* BasicTableViewCell.swift */; };
/* End PBXBuildFile section */

/* Begin PBXFileReference section */
		37B816AC9227EDA2E6F5A283 /* Pods-Pesequel.release.xcconfig */ = {isa = PBXFileReference; includeInIndex = 1; lastKnownFileType = text.xcconfig; name = "Pods-Pesequel.release.xcconfig"; path = "Target Support Files/Pods-Pesequel/Pods-Pesequel.release.xcconfig"; sourceTree = "<group>"; };
		B8C6EC4FD91C01DBC67EB684 /* Pods-Pesequel.debug.xcconfig */ = {isa = PBXFileReference; includeInIndex = 1; lastKnownFileType = text.xcconfig; name = "Pods-Pesequel.debug.xcconfig"; path = "Target Support Files/Pods-Pesequel/Pods-Pesequel.debug.xcconfig"; sourceTree = "<group>"; };
		C0C41AF9196AA828DC7F6196 /* Pods_Pesequel.framework */ = {isa = PBXFileReference; explicitFileType = wrapper.framework; includeInIndex = 0; path = Pods_Pesequel.framework; sourceTree = BUILT_PRODUCTS_DIR; };
		E6162134233F99EF00691F46 /* RowDetailedTitleView.xib */ = {isa = PBXFileReference; lastKnownFileType = file.xib; path = RowDetailedTitleView.xib; sourceTree = "<group>"; };
		E6162136233F9AA600691F46 /* RowDetailedTitleView.swift */ = {isa = PBXFileReference; lastKnownFileType = sourcecode.swift; path = RowDetailedTitleView.swift; sourceTree = "<group>"; };
		E6162139233F9BE200691F46 /* CafesTableViewCell.swift */ = {isa = PBXFileReference; lastKnownFileType = sourcecode.swift; path = CafesTableViewCell.swift; sourceTree = "<group>"; };
		E616213A233F9BE200691F46 /* CafesTableViewCell.xib */ = {isa = PBXFileReference; lastKnownFileType = file.xib; path = CafesTableViewCell.xib; sourceTree = "<group>"; };
		E616213E233F9C8C00691F46 /* CafeCollectionViewCell.swift */ = {isa = PBXFileReference; lastKnownFileType = sourcecode.swift; path = CafeCollectionViewCell.swift; sourceTree = "<group>"; };
		E616213F233F9C8C00691F46 /* CafeCollectionViewCell.xib */ = {isa = PBXFileReference; lastKnownFileType = file.xib; path = CafeCollectionViewCell.xib; sourceTree = "<group>"; };
		E6162142233F9D2200691F46 /* Cafe.swift */ = {isa = PBXFileReference; lastKnownFileType = sourcecode.swift; path = Cafe.swift; sourceTree = "<group>"; };
		E6162145233FA15D00691F46 /* ImageLoader.swift */ = {isa = PBXFileReference; lastKnownFileType = sourcecode.swift; path = ImageLoader.swift; sourceTree = "<group>"; };
		E6162148233FA7DB00691F46 /* CafeViewController.swift */ = {isa = PBXFileReference; lastKnownFileType = sourcecode.swift; path = CafeViewController.swift; sourceTree = "<group>"; };
		E6162149233FA7DB00691F46 /* CafeViewController.xib */ = {isa = PBXFileReference; lastKnownFileType = file.xib; path = CafeViewController.xib; sourceTree = "<group>"; };
		E616214D233FAC0900691F46 /* CafeInfoTableViewCell.swift */ = {isa = PBXFileReference; lastKnownFileType = sourcecode.swift; path = CafeInfoTableViewCell.swift; sourceTree = "<group>"; };
		E616214E233FAC0900691F46 /* CafeInfoTableViewCell.xib */ = {isa = PBXFileReference; lastKnownFileType = file.xib; path = CafeInfoTableViewCell.xib; sourceTree = "<group>"; };
		E6162152233FAD8800691F46 /* ProductsTableViewCell.swift */ = {isa = PBXFileReference; lastKnownFileType = sourcecode.swift; path = ProductsTableViewCell.swift; sourceTree = "<group>"; };
		E6162153233FAD8800691F46 /* ProductsTableViewCell.xib */ = {isa = PBXFileReference; lastKnownFileType = file.xib; path = ProductsTableViewCell.xib; sourceTree = "<group>"; };
		E6162156233FAE2000691F46 /* Product.swift */ = {isa = PBXFileReference; lastKnownFileType = sourcecode.swift; path = Product.swift; sourceTree = "<group>"; };
		E6162159233FB0E000691F46 /* ProductCollectionViewCell.swift */ = {isa = PBXFileReference; lastKnownFileType = sourcecode.swift; path = ProductCollectionViewCell.swift; sourceTree = "<group>"; };
		E616215A233FB0E000691F46 /* ProductCollectionViewCell.xib */ = {isa = PBXFileReference; lastKnownFileType = file.xib; path = ProductCollectionViewCell.xib; sourceTree = "<group>"; };
		E616215E233FB55100691F46 /* ScrollingTextsView.swift */ = {isa = PBXFileReference; lastKnownFileType = sourcecode.swift; path = ScrollingTextsView.swift; sourceTree = "<group>"; };
		E616215F233FB55100691F46 /* ScrollingTextsView.xib */ = {isa = PBXFileReference; lastKnownFileType = file.xib; path = ScrollingTextsView.xib; sourceTree = "<group>"; };
		E6162162233FD3C000691F46 /* Cart.swift */ = {isa = PBXFileReference; lastKnownFileType = sourcecode.swift; path = Cart.swift; sourceTree = "<group>"; };
		E6162164233FD3D800691F46 /* CartProduct.swift */ = {isa = PBXFileReference; lastKnownFileType = sourcecode.swift; path = CartProduct.swift; sourceTree = "<group>"; };
		E6162167233FE7C000691F46 /* CartViewController.swift */ = {isa = PBXFileReference; lastKnownFileType = sourcecode.swift; path = CartViewController.swift; sourceTree = "<group>"; };
		E6162168233FE7C000691F46 /* CartViewController.xib */ = {isa = PBXFileReference; lastKnownFileType = file.xib; path = CartViewController.xib; sourceTree = "<group>"; };
		E616216C233FE81400691F46 /* CartTableViewCell.swift */ = {isa = PBXFileReference; lastKnownFileType = sourcecode.swift; path = CartTableViewCell.swift; sourceTree = "<group>"; };
		E616216D233FE81400691F46 /* CartTableViewCell.xib */ = {isa = PBXFileReference; lastKnownFileType = file.xib; path = CartTableViewCell.xib; sourceTree = "<group>"; };
		E6162171233FF0F800691F46 /* SubtitleLabelView.xib */ = {isa = PBXFileReference; lastKnownFileType = file.xib; path = SubtitleLabelView.xib; sourceTree = "<group>"; };
		E6162173233FF18D00691F46 /* SubtitleLabelView.swift */ = {isa = PBXFileReference; lastKnownFileType = sourcecode.swift; path = SubtitleLabelView.swift; sourceTree = "<group>"; };
		E6162175233FF39300691F46 /* UITableView+HeaderHeight.swift */ = {isa = PBXFileReference; lastKnownFileType = sourcecode.swift; path = "UITableView+HeaderHeight.swift"; sourceTree = "<group>"; };
		E6162178233FFBB300691F46 /* UserMarker.swift */ = {isa = PBXFileReference; lastKnownFileType = sourcecode.swift; path = UserMarker.swift; sourceTree = "<group>"; };
		E616217B2340020800691F46 /* SegmentTableViewCell.swift */ = {isa = PBXFileReference; lastKnownFileType = sourcecode.swift; path = SegmentTableViewCell.swift; sourceTree = "<group>"; };
		E616217C2340020800691F46 /* SegmentTableViewCell.xib */ = {isa = PBXFileReference; lastKnownFileType = file.xib; path = SegmentTableViewCell.xib; sourceTree = "<group>"; };
		E61621802340035500691F46 /* LabelTableViewCell.swift */ = {isa = PBXFileReference; lastKnownFileType = sourcecode.swift; path = LabelTableViewCell.swift; sourceTree = "<group>"; };
		E61621812340035500691F46 /* LabelTableViewCell.xib */ = {isa = PBXFileReference; lastKnownFileType = file.xib; path = LabelTableViewCell.xib; sourceTree = "<group>"; };
		E6162185234003E100691F46 /* PaymentAndTimeTableViewCell.swift */ = {isa = PBXFileReference; lastKnownFileType = sourcecode.swift; path = PaymentAndTimeTableViewCell.swift; sourceTree = "<group>"; };
		E6162186234003E100691F46 /* PaymentAndTimeTableViewCell.xib */ = {isa = PBXFileReference; lastKnownFileType = file.xib; path = PaymentAndTimeTableViewCell.xib; sourceTree = "<group>"; };
		E64B7C53233F770100A1B466 /* PlaceNameTableViewCell.swift */ = {isa = PBXFileReference; lastKnownFileType = sourcecode.swift; path = PlaceNameTableViewCell.swift; sourceTree = "<group>"; };
		E64B7C54233F770100A1B466 /* PlaceNameTableViewCell.xib */ = {isa = PBXFileReference; lastKnownFileType = file.xib; path = PlaceNameTableViewCell.xib; sourceTree = "<group>"; };
		E64B7C58233F791A00A1B466 /* DetailButtonTableViewCell.swift */ = {isa = PBXFileReference; lastKnownFileType = sourcecode.swift; path = DetailButtonTableViewCell.swift; sourceTree = "<group>"; };
		E64B7C59233F791A00A1B466 /* DetailButtonTableViewCell.xib */ = {isa = PBXFileReference; lastKnownFileType = file.xib; path = DetailButtonTableViewCell.xib; sourceTree = "<group>"; };
		E64B7C5C233F7ECC00A1B466 /* Constants.swift */ = {isa = PBXFileReference; lastKnownFileType = sourcecode.swift; path = Constants.swift; sourceTree = "<group>"; };
		E64B7C5E233F7F4200A1B466 /* AlamofireRequest+JSON.swift */ = {isa = PBXFileReference; lastKnownFileType = sourcecode.swift; path = "AlamofireRequest+JSON.swift"; sourceTree = "<group>"; };
		E64B7C60233F7FF100A1B466 /* Decodable+JSON.swift */ = {isa = PBXFileReference; lastKnownFileType = sourcecode.swift; path = "Decodable+JSON.swift"; sourceTree = "<group>"; };
		E64B7C62233F8A1700A1B466 /* UILabel+ContentWidth.swift */ = {isa = PBXFileReference; lastKnownFileType = sourcecode.swift; path = "UILabel+ContentWidth.swift"; sourceTree = "<group>"; };
		E6B621A9233E92BB0060D8C1 /* Pesequel.app */ = {isa = PBXFileReference; explicitFileType = wrapper.application; includeInIndex = 0; path = Pesequel.app; sourceTree = BUILT_PRODUCTS_DIR; };
		E6B621AC233E92BC0060D8C1 /* AppDelegate.swift */ = {isa = PBXFileReference; lastKnownFileType = sourcecode.swift; path = AppDelegate.swift; sourceTree = "<group>"; };
		E6B621B3233E92C00060D8C1 /* Assets.xcassets */ = {isa = PBXFileReference; lastKnownFileType = folder.assetcatalog; path = Assets.xcassets; sourceTree = "<group>"; };
		E6B621B6233E92C00060D8C1 /* Base */ = {isa = PBXFileReference; lastKnownFileType = file.storyboard; name = Base; path = Base.lproj/LaunchScreen.storyboard; sourceTree = "<group>"; };
		E6B621B8233E92C00060D8C1 /* Info.plist */ = {isa = PBXFileReference; lastKnownFileType = text.plist.xml; path = Info.plist; sourceTree = "<group>"; };
		E6B621C0233E92E10060D8C1 /* MapViewController.swift */ = {isa = PBXFileReference; lastKnownFileType = sourcecode.swift; path = MapViewController.swift; sourceTree = "<group>"; };
		E6B621C1233E92E10060D8C1 /* MapViewController.xib */ = {isa = PBXFileReference; lastKnownFileType = file.xib; path = MapViewController.xib; sourceTree = "<group>"; };
		E6B621C5233E94430060D8C1 /* Animation.swift */ = {isa = PBXFileReference; lastKnownFileType = sourcecode.swift; path = Animation.swift; sourceTree = "<group>"; };
		E6B621C7233E94590060D8C1 /* Closures.swift */ = {isa = PBXFileReference; lastKnownFileType = sourcecode.swift; path = Closures.swift; sourceTree = "<group>"; };
		E6B621C9233E94E20060D8C1 /* NavigationBarDecorator.swift */ = {isa = PBXFileReference; lastKnownFileType = sourcecode.swift; path = NavigationBarDecorator.swift; sourceTree = "<group>"; };
		E6B621CC233E96220060D8C1 /* UIView+RoundCorners.swift */ = {isa = PBXFileReference; lastKnownFileType = sourcecode.swift; path = "UIView+RoundCorners.swift"; sourceTree = "<group>"; };
		E6B621CF233E96DA0060D8C1 /* LocationManager.swift */ = {isa = PBXFileReference; lastKnownFileType = sourcecode.swift; path = LocationManager.swift; sourceTree = "<group>"; };
		E6BADD19233F52660030B591 /* DefaultMarker.swift */ = {isa = PBXFileReference; lastKnownFileType = sourcecode.swift; path = DefaultMarker.swift; sourceTree = "<group>"; };
		E6BADD1C233F59120030B591 /* CalloutView.xib */ = {isa = PBXFileReference; lastKnownFileType = file.xib; path = CalloutView.xib; sourceTree = "<group>"; };
		E6BADD1E233F59240030B591 /* CalloutView.swift */ = {isa = PBXFileReference; lastKnownFileType = sourcecode.swift; path = CalloutView.swift; sourceTree = "<group>"; };
		E6BADD22233F596B0030B591 /* NibLoadable.swift */ = {isa = PBXFileReference; lastKnownFileType = sourcecode.swift; path = NibLoadable.swift; sourceTree = "<group>"; };
		E6BADD25233F63AC0030B591 /* PlaceMarker.swift */ = {isa = PBXFileReference; lastKnownFileType = sourcecode.swift; path = PlaceMarker.swift; sourceTree = "<group>"; };
		E6BADD28233F63EC0030B591 /* PlaceMarkerView.xib */ = {isa = PBXFileReference; lastKnownFileType = file.xib; path = PlaceMarkerView.xib; sourceTree = "<group>"; };
		E6BADD2A233F63F40030B591 /* PlaceMarkerView.swift */ = {isa = PBXFileReference; lastKnownFileType = sourcecode.swift; path = PlaceMarkerView.swift; sourceTree = "<group>"; };
		E6BADD2D233F69430030B591 /* Place.swift */ = {isa = PBXFileReference; lastKnownFileType = sourcecode.swift; path = Place.swift; sourceTree = "<group>"; };
		E6BADD2F233F69E40030B591 /* PlaceManager.swift */ = {isa = PBXFileReference; lastKnownFileType = sourcecode.swift; path = PlaceManager.swift; sourceTree = "<group>"; };
		E6BADD32233F6CD70030B591 /* PlaceViewController.swift */ = {isa = PBXFileReference; lastKnownFileType = sourcecode.swift; path = PlaceViewController.swift; sourceTree = "<group>"; };
		E6BADD33233F6CD70030B591 /* PlaceViewController.xib */ = {isa = PBXFileReference; lastKnownFileType = file.xib; path = PlaceViewController.xib; sourceTree = "<group>"; };
		E6BADD38233F6DBC0030B591 /* MapsTableViewCell.swift */ = {isa = PBXFileReference; lastKnownFileType = sourcecode.swift; path = MapsTableViewCell.swift; sourceTree = "<group>"; };
		E6BADD39233F6DBC0030B591 /* MapsTableViewCell.xib */ = {isa = PBXFileReference; lastKnownFileType = file.xib; path = MapsTableViewCell.xib; sourceTree = "<group>"; };
		E6BADD3C233F6F0B0030B591 /* UIView+Round.swift */ = {isa = PBXFileReference; lastKnownFileType = sourcecode.swift; path = "UIView+Round.swift"; sourceTree = "<group>"; };
		E6BADD3E233F6F2A0030B591 /* UITableView+NibLoadable.swift */ = {isa = PBXFileReference; lastKnownFileType = sourcecode.swift; path = "UITableView+NibLoadable.swift"; sourceTree = "<group>"; };
		E6BADD40233F70830030B591 /* BasicTableViewCell.swift */ = {isa = PBXFileReference; lastKnownFileType = sourcecode.swift; path = BasicTableViewCell.swift; sourceTree = "<group>"; };
/* End PBXFileReference section */

/* Begin PBXFrameworksBuildPhase section */
		E6B621A6233E92BB0060D8C1 /* Frameworks */ = {
			isa = PBXFrameworksBuildPhase;
			buildActionMask = 2147483647;
			files = (
				825B2BAAFF1D73B6DD5468A4 /* Pods_Pesequel.framework in Frameworks */,
			);
			runOnlyForDeploymentPostprocessing = 0;
		};
/* End PBXFrameworksBuildPhase section */

/* Begin PBXGroup section */
		1CA2CE7A70CC917C07654367 /* Frameworks */ = {
			isa = PBXGroup;
			children = (
				C0C41AF9196AA828DC7F6196 /* Pods_Pesequel.framework */,
			);
			name = Frameworks;
			sourceTree = "<group>";
		};
		E321726AFDDE0521C0E10109 /* Pods */ = {
			isa = PBXGroup;
			children = (
				B8C6EC4FD91C01DBC67EB684 /* Pods-Pesequel.debug.xcconfig */,
				37B816AC9227EDA2E6F5A283 /* Pods-Pesequel.release.xcconfig */,
			);
			path = Pods;
			sourceTree = "<group>";
		};
		E6162138233F9BA100691F46 /* Cafes */ = {
			isa = PBXGroup;
			children = (
				E6162139233F9BE200691F46 /* CafesTableViewCell.swift */,
				E616213A233F9BE200691F46 /* CafesTableViewCell.xib */,
			);
			path = Cafes;
			sourceTree = "<group>";
		};
		E616213D233F9C7F00691F46 /* Cafe */ = {
			isa = PBXGroup;
			children = (
				E616213E233F9C8C00691F46 /* CafeCollectionViewCell.swift */,
				E616213F233F9C8C00691F46 /* CafeCollectionViewCell.xib */,
			);
			path = Cafe;
			sourceTree = "<group>";
		};
		E6162144233FA15400691F46 /* Objects */ = {
			isa = PBXGroup;
			children = (
				E6162145233FA15D00691F46 /* ImageLoader.swift */,
			);
			path = Objects;
			sourceTree = "<group>";
		};
		E6162147233FA7C400691F46 /* Cafe */ = {
			isa = PBXGroup;
			children = (
				E6162148233FA7DB00691F46 /* CafeViewController.swift */,
				E6162149233FA7DB00691F46 /* CafeViewController.xib */,
			);
			path = Cafe;
			sourceTree = "<group>";
		};
		E616214C233FABF700691F46 /* CafeInfo */ = {
			isa = PBXGroup;
			children = (
				E616214D233FAC0900691F46 /* CafeInfoTableViewCell.swift */,
				E616214E233FAC0900691F46 /* CafeInfoTableViewCell.xib */,
			);
			path = CafeInfo;
			sourceTree = "<group>";
		};
		E6162151233FAD7D00691F46 /* Products */ = {
			isa = PBXGroup;
			children = (
				E6162152233FAD8800691F46 /* ProductsTableViewCell.swift */,
				E6162153233FAD8800691F46 /* ProductsTableViewCell.xib */,
			);
			path = Products;
			sourceTree = "<group>";
		};
		E6162158233FB09B00691F46 /* Product */ = {
			isa = PBXGroup;
			children = (
				E6162159233FB0E000691F46 /* ProductCollectionViewCell.swift */,
				E616215A233FB0E000691F46 /* ProductCollectionViewCell.xib */,
			);
			path = Product;
			sourceTree = "<group>";
		};
		E616215D233FB53500691F46 /* ScrollingTexts */ = {
			isa = PBXGroup;
			children = (
				E616215E233FB55100691F46 /* ScrollingTextsView.swift */,
				E616215F233FB55100691F46 /* ScrollingTextsView.xib */,
			);
			path = ScrollingTexts;
			sourceTree = "<group>";
		};
		E6162166233FE7B100691F46 /* Cart */ = {
			isa = PBXGroup;
			children = (
				E6162167233FE7C000691F46 /* CartViewController.swift */,
				E6162168233FE7C000691F46 /* CartViewController.xib */,
			);
			path = Cart;
			sourceTree = "<group>";
		};
		E616216B233FE80400691F46 /* Cart */ = {
			isa = PBXGroup;
			children = (
				E616216C233FE81400691F46 /* CartTableViewCell.swift */,
				E616216D233FE81400691F46 /* CartTableViewCell.xib */,
			);
			path = Cart;
			sourceTree = "<group>";
		};
		E6162170233FF0EB00691F46 /* Subtitle Text */ = {
			isa = PBXGroup;
			children = (
				E6162173233FF18D00691F46 /* SubtitleLabelView.swift */,
				E6162171233FF0F800691F46 /* SubtitleLabelView.xib */,
			);
			path = "Subtitle Text";
			sourceTree = "<group>";
		};
		E6162177233FFBA900691F46 /* New Group */ = {
			isa = PBXGroup;
			children = (
				E6162178233FFBB300691F46 /* UserMarker.swift */,
			);
			path = "New Group";
			sourceTree = "<group>";
		};
		E616217A234001DC00691F46 /* Segment */ = {
			isa = PBXGroup;
			children = (
				E616217B2340020800691F46 /* SegmentTableViewCell.swift */,
				E616217C2340020800691F46 /* SegmentTableViewCell.xib */,
			);
			path = Segment;
			sourceTree = "<group>";
		};
		E616217F2340034500691F46 /* Label */ = {
			isa = PBXGroup;
			children = (
				E61621802340035500691F46 /* LabelTableViewCell.swift */,
				E61621812340035500691F46 /* LabelTableViewCell.xib */,
			);
			path = Label;
			sourceTree = "<group>";
		};
		E6162184234003D000691F46 /* PaymentAndTime */ = {
			isa = PBXGroup;
			children = (
				E6162185234003E100691F46 /* PaymentAndTimeTableViewCell.swift */,
				E6162186234003E100691F46 /* PaymentAndTimeTableViewCell.xib */,
			);
			path = PaymentAndTime;
			sourceTree = "<group>";
		};
		E64B7C52233F76EA00A1B466 /* Place Name */ = {
			isa = PBXGroup;
			children = (
				E64B7C53233F770100A1B466 /* PlaceNameTableViewCell.swift */,
				E64B7C54233F770100A1B466 /* PlaceNameTableViewCell.xib */,
			);
			path = "Place Name";
			sourceTree = "<group>";
		};
		E64B7C57233F790A00A1B466 /* Detail Button */ = {
			isa = PBXGroup;
			children = (
				E64B7C58233F791A00A1B466 /* DetailButtonTableViewCell.swift */,
				E64B7C59233F791A00A1B466 /* DetailButtonTableViewCell.xib */,
			);
			path = "Detail Button";
			sourceTree = "<group>";
		};
		E64B7C64233F995A00A1B466 /* RowDetailedTitle */ = {
			isa = PBXGroup;
			children = (
				E6162134233F99EF00691F46 /* RowDetailedTitleView.xib */,
				E6162136233F9AA600691F46 /* RowDetailedTitleView.swift */,
			);
			path = RowDetailedTitle;
			sourceTree = "<group>";
		};
		E6B621A0233E92BB0060D8C1 = {
			isa = PBXGroup;
			children = (
				E6B621AB233E92BC0060D8C1 /* Pesequel */,
				E6B621AA233E92BB0060D8C1 /* Products */,
				E321726AFDDE0521C0E10109 /* Pods */,
				1CA2CE7A70CC917C07654367 /* Frameworks */,
			);
			sourceTree = "<group>";
		};
		E6B621AA233E92BB0060D8C1 /* Products */ = {
			isa = PBXGroup;
			children = (
				E6B621A9233E92BB0060D8C1 /* Pesequel.app */,
			);
			name = Products;
			sourceTree = "<group>";
		};
		E6B621AB233E92BC0060D8C1 /* Pesequel */ = {
			isa = PBXGroup;
			children = (
				E6B621AC233E92BC0060D8C1 /* AppDelegate.swift */,
				E6B621C9233E94E20060D8C1 /* NavigationBarDecorator.swift */,
				E6162144233FA15400691F46 /* Objects */,
				E6BADD36233F6DA10030B591 /* Cells */,
				E6BADD2C233F69330030B591 /* Models */,
				E6BADD21233F595F0030B591 /* Protocols */,
				E6BADD1B233F58FE0030B591 /* Views */,
				E6BADD18233F52590030B591 /* Markers */,
				E6B621CE233E96C60060D8C1 /* Managers */,
				E6B621CB233E960F0060D8C1 /* Extensions */,
				E6B621C4233E941A0060D8C1 /* Help Files */,
				E6B621BE233E92D00060D8C1 /* Screens */,
				E6B621B3233E92C00060D8C1 /* Assets.xcassets */,
				E6B621B5233E92C00060D8C1 /* LaunchScreen.storyboard */,
				E6B621B8233E92C00060D8C1 /* Info.plist */,
			);
			path = Pesequel;
			sourceTree = "<group>";
		};
		E6B621BE233E92D00060D8C1 /* Screens */ = {
			isa = PBXGroup;
			children = (
				E6162166233FE7B100691F46 /* Cart */,
				E6162147233FA7C400691F46 /* Cafe */,
				E6BADD31233F6CB90030B591 /* Place */,
				E6B621BF233E92D80060D8C1 /* Map */,
			);
			path = Screens;
			sourceTree = "<group>";
		};
		E6B621BF233E92D80060D8C1 /* Map */ = {
			isa = PBXGroup;
			children = (
				E6B621C0233E92E10060D8C1 /* MapViewController.swift */,
				E6B621C1233E92E10060D8C1 /* MapViewController.xib */,
			);
			path = Map;
			sourceTree = "<group>";
		};
		E6B621C4233E941A0060D8C1 /* Help Files */ = {
			isa = PBXGroup;
			children = (
				E6B621C5233E94430060D8C1 /* Animation.swift */,
				E64B7C5C233F7ECC00A1B466 /* Constants.swift */,
				E6B621C7233E94590060D8C1 /* Closures.swift */,
			);
			path = "Help Files";
			sourceTree = "<group>";
		};
		E6B621CB233E960F0060D8C1 /* Extensions */ = {
			isa = PBXGroup;
			children = (
				E6B621CC233E96220060D8C1 /* UIView+RoundCorners.swift */,
				E64B7C62233F8A1700A1B466 /* UILabel+ContentWidth.swift */,
				E6BADD3E233F6F2A0030B591 /* UITableView+NibLoadable.swift */,
				E6162175233FF39300691F46 /* UITableView+HeaderHeight.swift */,
				E64B7C5E233F7F4200A1B466 /* AlamofireRequest+JSON.swift */,
				E6BADD3C233F6F0B0030B591 /* UIView+Round.swift */,
				E64B7C60233F7FF100A1B466 /* Decodable+JSON.swift */,
			);
			path = Extensions;
			sourceTree = "<group>";
		};
		E6B621CE233E96C60060D8C1 /* Managers */ = {
			isa = PBXGroup;
			children = (
				E6B621CF233E96DA0060D8C1 /* LocationManager.swift */,
				E6BADD2F233F69E40030B591 /* PlaceManager.swift */,
			);
			path = Managers;
			sourceTree = "<group>";
		};
		E6BADD18233F52590030B591 /* Markers */ = {
			isa = PBXGroup;
			children = (
				E6162177233FFBA900691F46 /* New Group */,
				E6BADD24233F63910030B591 /* PlaceMarker */,
				E6BADD19233F52660030B591 /* DefaultMarker.swift */,
			);
			path = Markers;
			sourceTree = "<group>";
		};
		E6BADD1B233F58FE0030B591 /* Views */ = {
			isa = PBXGroup;
			children = (
				E6162170233FF0EB00691F46 /* Subtitle Text */,
				E616215D233FB53500691F46 /* ScrollingTexts */,
				E64B7C64233F995A00A1B466 /* RowDetailedTitle */,
				E6BADD27233F63D70030B591 /* PlaceMarkerView */,
				E6BADD20233F594C0030B591 /* CalloutView */,
			);
			path = Views;
			sourceTree = "<group>";
		};
		E6BADD20233F594C0030B591 /* CalloutView */ = {
			isa = PBXGroup;
			children = (
				E6BADD1E233F59240030B591 /* CalloutView.swift */,
				E6BADD1C233F59120030B591 /* CalloutView.xib */,
			);
			path = CalloutView;
			sourceTree = "<group>";
		};
		E6BADD21233F595F0030B591 /* Protocols */ = {
			isa = PBXGroup;
			children = (
				E6BADD22233F596B0030B591 /* NibLoadable.swift */,
			);
			path = Protocols;
			sourceTree = "<group>";
		};
		E6BADD24233F63910030B591 /* PlaceMarker */ = {
			isa = PBXGroup;
			children = (
				E6BADD25233F63AC0030B591 /* PlaceMarker.swift */,
			);
			path = PlaceMarker;
			sourceTree = "<group>";
		};
		E6BADD27233F63D70030B591 /* PlaceMarkerView */ = {
			isa = PBXGroup;
			children = (
				E6BADD2A233F63F40030B591 /* PlaceMarkerView.swift */,
				E6BADD28233F63EC0030B591 /* PlaceMarkerView.xib */,
			);
			path = PlaceMarkerView;
			sourceTree = "<group>";
		};
		E6BADD2C233F69330030B591 /* Models */ = {
			isa = PBXGroup;
			children = (
				E6BADD2D233F69430030B591 /* Place.swift */,
				E6162164233FD3D800691F46 /* CartProduct.swift */,
				E6162162233FD3C000691F46 /* Cart.swift */,
				E6162142233F9D2200691F46 /* Cafe.swift */,
				E6162156233FAE2000691F46 /* Product.swift */,
			);
			path = Models;
			sourceTree = "<group>";
		};
		E6BADD31233F6CB90030B591 /* Place */ = {
			isa = PBXGroup;
			children = (
				E6BADD32233F6CD70030B591 /* PlaceViewController.swift */,
				E6BADD33233F6CD70030B591 /* PlaceViewController.xib */,
			);
			path = Place;
			sourceTree = "<group>";
		};
		E6BADD36233F6DA10030B591 /* Cells */ = {
			isa = PBXGroup;
			children = (
				E6162184234003D000691F46 /* PaymentAndTime */,
				E616217F2340034500691F46 /* Label */,
				E616217A234001DC00691F46 /* Segment */,
				E616216B233FE80400691F46 /* Cart */,
				E6162158233FB09B00691F46 /* Product */,
				E6162151233FAD7D00691F46 /* Products */,
				E616214C233FABF700691F46 /* CafeInfo */,
				E616213D233F9C7F00691F46 /* Cafe */,
				E6162138233F9BA100691F46 /* Cafes */,
				E64B7C57233F790A00A1B466 /* Detail Button */,
				E64B7C52233F76EA00A1B466 /* Place Name */,
				E6BADD37233F6DA70030B591 /* Maps */,
				E6BADD40233F70830030B591 /* BasicTableViewCell.swift */,
			);
			path = Cells;
			sourceTree = "<group>";
		};
		E6BADD37233F6DA70030B591 /* Maps */ = {
			isa = PBXGroup;
			children = (
				E6BADD38233F6DBC0030B591 /* MapsTableViewCell.swift */,
				E6BADD39233F6DBC0030B591 /* MapsTableViewCell.xib */,
			);
			path = Maps;
			sourceTree = "<group>";
		};
/* End PBXGroup section */

/* Begin PBXNativeTarget section */
		E6B621A8233E92BB0060D8C1 /* Pesequel */ = {
			isa = PBXNativeTarget;
			buildConfigurationList = E6B621BB233E92C00060D8C1 /* Build configuration list for PBXNativeTarget "Pesequel" */;
			buildPhases = (
				84833C1995487D55A0251F7A /* [CP] Check Pods Manifest.lock */,
				E6B621A5233E92BB0060D8C1 /* Sources */,
				E6B621A6233E92BB0060D8C1 /* Frameworks */,
				E6B621A7233E92BB0060D8C1 /* Resources */,
				5CA5949F8807D1431B6832A7 /* [CP] Copy Pods Resources */,
				F4DC4612DA659C9C347E789E /* [CP] Embed Pods Frameworks */,
			);
			buildRules = (
			);
			dependencies = (
			);
			name = Pesequel;
			productName = Pesequel;
			productReference = E6B621A9233E92BB0060D8C1 /* Pesequel.app */;
			productType = "com.apple.product-type.application";
		};
/* End PBXNativeTarget section */

/* Begin PBXProject section */
		E6B621A1233E92BB0060D8C1 /* Project object */ = {
			isa = PBXProject;
			attributes = {
				LastSwiftUpdateCheck = 1030;
				LastUpgradeCheck = 1030;
				ORGANIZATIONNAME = Ghost;
				TargetAttributes = {
					E6B621A8233E92BB0060D8C1 = {
						CreatedOnToolsVersion = 10.3;
					};
				};
			};
			buildConfigurationList = E6B621A4233E92BB0060D8C1 /* Build configuration list for PBXProject "Pesequel" */;
			compatibilityVersion = "Xcode 9.3";
			developmentRegion = en;
			hasScannedForEncodings = 0;
			knownRegions = (
				en,
				Base,
			);
			mainGroup = E6B621A0233E92BB0060D8C1;
			productRefGroup = E6B621AA233E92BB0060D8C1 /* Products */;
			projectDirPath = "";
			projectRoot = "";
			targets = (
				E6B621A8233E92BB0060D8C1 /* Pesequel */,
			);
		};
/* End PBXProject section */

/* Begin PBXResourcesBuildPhase section */
		E6B621A7233E92BB0060D8C1 /* Resources */ = {
			isa = PBXResourcesBuildPhase;
			buildActionMask = 2147483647;
			files = (
				E6BADD35233F6CD70030B591 /* PlaceViewController.xib in Resources */,
				E6162161233FB55100691F46 /* ScrollingTextsView.xib in Resources */,
				E6B621B7233E92C00060D8C1 /* LaunchScreen.storyboard in Resources */,
				E6B621C3233E92E10060D8C1 /* MapViewController.xib in Resources */,
				E6BADD3B233F6DBC0030B591 /* MapsTableViewCell.xib in Resources */,
				E64B7C5B233F791A00A1B466 /* DetailButtonTableViewCell.xib in Resources */,
				E6162188234003E100691F46 /* PaymentAndTimeTableViewCell.xib in Resources */,
				E61621832340035500691F46 /* LabelTableViewCell.xib in Resources */,
				E6162172233FF0F800691F46 /* SubtitleLabelView.xib in Resources */,
				E64B7C56233F770100A1B466 /* PlaceNameTableViewCell.xib in Resources */,
				E616215C233FB0E000691F46 /* ProductCollectionViewCell.xib in Resources */,
				E6B621B4233E92C00060D8C1 /* Assets.xcassets in Resources */,
				E6162155233FAD8800691F46 /* ProductsTableViewCell.xib in Resources */,
				E616216A233FE7C000691F46 /* CartViewController.xib in Resources */,
				E616214B233FA7DB00691F46 /* CafeViewController.xib in Resources */,
				E6BADD29233F63EC0030B591 /* PlaceMarkerView.xib in Resources */,
				E6162135233F99EF00691F46 /* RowDetailedTitleView.xib in Resources */,
				E6162141233F9C8C00691F46 /* CafeCollectionViewCell.xib in Resources */,
				E6BADD1D233F59120030B591 /* CalloutView.xib in Resources */,
				E6162150233FAC0900691F46 /* CafeInfoTableViewCell.xib in Resources */,
				E616216F233FE81400691F46 /* CartTableViewCell.xib in Resources */,
				E616213C233F9BE200691F46 /* CafesTableViewCell.xib in Resources */,
				E616217E2340020800691F46 /* SegmentTableViewCell.xib in Resources */,
			);
			runOnlyForDeploymentPostprocessing = 0;
		};
/* End PBXResourcesBuildPhase section */

/* Begin PBXShellScriptBuildPhase section */
		5CA5949F8807D1431B6832A7 /* [CP] Copy Pods Resources */ = {
			isa = PBXShellScriptBuildPhase;
			buildActionMask = 2147483647;
			files = (
			);
			inputFileListPaths = (
				"${PODS_ROOT}/Target Support Files/Pods-Pesequel/Pods-Pesequel-resources-${CONFIGURATION}-input-files.xcfilelist",
			);
			name = "[CP] Copy Pods Resources";
			outputFileListPaths = (
				"${PODS_ROOT}/Target Support Files/Pods-Pesequel/Pods-Pesequel-resources-${CONFIGURATION}-output-files.xcfilelist",
			);
			runOnlyForDeploymentPostprocessing = 0;
			shellPath = /bin/sh;
			shellScript = "\"${PODS_ROOT}/Target Support Files/Pods-Pesequel/Pods-Pesequel-resources.sh\"\n";
			showEnvVarsInLog = 0;
		};
		84833C1995487D55A0251F7A /* [CP] Check Pods Manifest.lock */ = {
			isa = PBXShellScriptBuildPhase;
			buildActionMask = 2147483647;
			files = (
			);
			inputFileListPaths = (
			);
			inputPaths = (
				"${PODS_PODFILE_DIR_PATH}/Podfile.lock",
				"${PODS_ROOT}/Manifest.lock",
			);
			name = "[CP] Check Pods Manifest.lock";
			outputFileListPaths = (
			);
			outputPaths = (
				"$(DERIVED_FILE_DIR)/Pods-Pesequel-checkManifestLockResult.txt",
			);
			runOnlyForDeploymentPostprocessing = 0;
			shellPath = /bin/sh;
			shellScript = "diff \"${PODS_PODFILE_DIR_PATH}/Podfile.lock\" \"${PODS_ROOT}/Manifest.lock\" > /dev/null\nif [ $? != 0 ] ; then\n    # print error to STDERR\n    echo \"error: The sandbox is not in sync with the Podfile.lock. Run 'pod install' or update your CocoaPods installation.\" >&2\n    exit 1\nfi\n# This output is used by Xcode 'outputs' to avoid re-running this script phase.\necho \"SUCCESS\" > \"${SCRIPT_OUTPUT_FILE_0}\"\n";
			showEnvVarsInLog = 0;
		};
		F4DC4612DA659C9C347E789E /* [CP] Embed Pods Frameworks */ = {
			isa = PBXShellScriptBuildPhase;
			buildActionMask = 2147483647;
			files = (
			);
			inputFileListPaths = (
				"${PODS_ROOT}/Target Support Files/Pods-Pesequel/Pods-Pesequel-frameworks-${CONFIGURATION}-input-files.xcfilelist",
			);
			name = "[CP] Embed Pods Frameworks";
			outputFileListPaths = (
				"${PODS_ROOT}/Target Support Files/Pods-Pesequel/Pods-Pesequel-frameworks-${CONFIGURATION}-output-files.xcfilelist",
			);
			runOnlyForDeploymentPostprocessing = 0;
			shellPath = /bin/sh;
			shellScript = "\"${PODS_ROOT}/Target Support Files/Pods-Pesequel/Pods-Pesequel-frameworks.sh\"\n";
			showEnvVarsInLog = 0;
		};
/* End PBXShellScriptBuildPhase section */

/* Begin PBXSourcesBuildPhase section */
		E6B621A5233E92BB0060D8C1 /* Sources */ = {
			isa = PBXSourcesBuildPhase;
			buildActionMask = 2147483647;
			files = (
				E6162137233F9AA600691F46 /* RowDetailedTitleView.swift in Sources */,
				E64B7C63233F8A1700A1B466 /* UILabel+ContentWidth.swift in Sources */,
				E6162174233FF18D00691F46 /* SubtitleLabelView.swift in Sources */,
				E616215B233FB0E000691F46 /* ProductCollectionViewCell.swift in Sources */,
				E6162146233FA15D00691F46 /* ImageLoader.swift in Sources */,
				E6B621CD233E96220060D8C1 /* UIView+RoundCorners.swift in Sources */,
				E64B7C5D233F7ECC00A1B466 /* Constants.swift in Sources */,
				E616217D2340020800691F46 /* SegmentTableViewCell.swift in Sources */,
				E6162157233FAE2000691F46 /* Product.swift in Sources */,
				E616216E233FE81400691F46 /* CartTableViewCell.swift in Sources */,
				E616214A233FA7DB00691F46 /* CafeViewController.swift in Sources */,
				E6162179233FFBB300691F46 /* UserMarker.swift in Sources */,
				E64B7C5F233F7F4200A1B466 /* AlamofireRequest+JSON.swift in Sources */,
				E6BADD2E233F69430030B591 /* Place.swift in Sources */,
				E6BADD41233F70830030B591 /* BasicTableViewCell.swift in Sources */,
				E6B621AD233E92BC0060D8C1 /* AppDelegate.swift in Sources */,
				E616213B233F9BE200691F46 /* CafesTableViewCell.swift in Sources */,
				E6162140233F9C8C00691F46 /* CafeCollectionViewCell.swift in Sources */,
				E6BADD34233F6CD70030B591 /* PlaceViewController.swift in Sources */,
				E6162143233F9D2200691F46 /* Cafe.swift in Sources */,
				E64B7C61233F7FF100A1B466 /* Decodable+JSON.swift in Sources */,
				E6BADD26233F63AC0030B591 /* PlaceMarker.swift in Sources */,
				E6BADD3F233F6F2A0030B591 /* UITableView+NibLoadable.swift in Sources */,
				E6162169233FE7C000691F46 /* CartViewController.swift in Sources */,
				E6162165233FD3D800691F46 /* CartProduct.swift in Sources */,
				E6B621C8233E94590060D8C1 /* Closures.swift in Sources */,
				E6BADD3D233F6F0B0030B591 /* UIView+Round.swift in Sources */,
				E6162176233FF39300691F46 /* UITableView+HeaderHeight.swift in Sources */,
				E6BADD3A233F6DBC0030B591 /* MapsTableViewCell.swift in Sources */,
				E616214F233FAC0900691F46 /* CafeInfoTableViewCell.swift in Sources */,
				E6BADD23233F596B0030B591 /* NibLoadable.swift in Sources */,
				E6B621D0233E96DA0060D8C1 /* LocationManager.swift in Sources */,
				E6BADD2B233F63F40030B591 /* PlaceMarkerView.swift in Sources */,
				E64B7C5A233F791A00A1B466 /* DetailButtonTableViewCell.swift in Sources */,
				E6B621C6233E94430060D8C1 /* Animation.swift in Sources */,
				E6162160233FB55100691F46 /* ScrollingTextsView.swift in Sources */,
				E6BADD1F233F59240030B591 /* CalloutView.swift in Sources */,
				E6BADD1A233F52660030B591 /* DefaultMarker.swift in Sources */,
				E64B7C55233F770100A1B466 /* PlaceNameTableViewCell.swift in Sources */,
				E6BADD30233F69E50030B591 /* PlaceManager.swift in Sources */,
				E6162154233FAD8800691F46 /* ProductsTableViewCell.swift in Sources */,
				E61621822340035500691F46 /* LabelTableViewCell.swift in Sources */,
				E6B621CA233E94E20060D8C1 /* NavigationBarDecorator.swift in Sources */,
				E6162187234003E100691F46 /* PaymentAndTimeTableViewCell.swift in Sources */,
				E6B621C2233E92E10060D8C1 /* MapViewController.swift in Sources */,
				E6162163233FD3C000691F46 /* Cart.swift in Sources */,
			);
			runOnlyForDeploymentPostprocessing = 0;
		};
/* End PBXSourcesBuildPhase section */

/* Begin PBXVariantGroup section */
		E6B621B5233E92C00060D8C1 /* LaunchScreen.storyboard */ = {
			isa = PBXVariantGroup;
			children = (
				E6B621B6233E92C00060D8C1 /* Base */,
			);
			name = LaunchScreen.storyboard;
			sourceTree = "<group>";
		};
/* End PBXVariantGroup section */

/* Begin XCBuildConfiguration section */
		E6B621B9233E92C00060D8C1 /* Debug */ = {
			isa = XCBuildConfiguration;
			buildSettings = {
				ALWAYS_SEARCH_USER_PATHS = NO;
				CLANG_ANALYZER_NONNULL = YES;
				CLANG_ANALYZER_NUMBER_OBJECT_CONVERSION = YES_AGGRESSIVE;
				CLANG_CXX_LANGUAGE_STANDARD = "gnu++14";
				CLANG_CXX_LIBRARY = "libc++";
				CLANG_ENABLE_MODULES = YES;
				CLANG_ENABLE_OBJC_ARC = YES;
				CLANG_ENABLE_OBJC_WEAK = YES;
				CLANG_WARN_BLOCK_CAPTURE_AUTORELEASING = YES;
				CLANG_WARN_BOOL_CONVERSION = YES;
				CLANG_WARN_COMMA = YES;
				CLANG_WARN_CONSTANT_CONVERSION = YES;
				CLANG_WARN_DEPRECATED_OBJC_IMPLEMENTATIONS = YES;
				CLANG_WARN_DIRECT_OBJC_ISA_USAGE = YES_ERROR;
				CLANG_WARN_DOCUMENTATION_COMMENTS = YES;
				CLANG_WARN_EMPTY_BODY = YES;
				CLANG_WARN_ENUM_CONVERSION = YES;
				CLANG_WARN_INFINITE_RECURSION = YES;
				CLANG_WARN_INT_CONVERSION = YES;
				CLANG_WARN_NON_LITERAL_NULL_CONVERSION = YES;
				CLANG_WARN_OBJC_IMPLICIT_RETAIN_SELF = YES;
				CLANG_WARN_OBJC_LITERAL_CONVERSION = YES;
				CLANG_WARN_OBJC_ROOT_CLASS = YES_ERROR;
				CLANG_WARN_RANGE_LOOP_ANALYSIS = YES;
				CLANG_WARN_STRICT_PROTOTYPES = YES;
				CLANG_WARN_SUSPICIOUS_MOVE = YES;
				CLANG_WARN_UNGUARDED_AVAILABILITY = YES_AGGRESSIVE;
				CLANG_WARN_UNREACHABLE_CODE = YES;
				CLANG_WARN__DUPLICATE_METHOD_MATCH = YES;
				CODE_SIGN_IDENTITY = "iPhone Developer";
				COPY_PHASE_STRIP = NO;
				DEBUG_INFORMATION_FORMAT = dwarf;
				ENABLE_STRICT_OBJC_MSGSEND = YES;
				ENABLE_TESTABILITY = YES;
				GCC_C_LANGUAGE_STANDARD = gnu11;
				GCC_DYNAMIC_NO_PIC = NO;
				GCC_NO_COMMON_BLOCKS = YES;
				GCC_OPTIMIZATION_LEVEL = 0;
				GCC_PREPROCESSOR_DEFINITIONS = (
					"DEBUG=1",
					"$(inherited)",
				);
				GCC_WARN_64_TO_32_BIT_CONVERSION = YES;
				GCC_WARN_ABOUT_RETURN_TYPE = YES_ERROR;
				GCC_WARN_UNDECLARED_SELECTOR = YES;
				GCC_WARN_UNINITIALIZED_AUTOS = YES_AGGRESSIVE;
				GCC_WARN_UNUSED_FUNCTION = YES;
				GCC_WARN_UNUSED_VARIABLE = YES;
				IPHONEOS_DEPLOYMENT_TARGET = 12.4;
				MTL_ENABLE_DEBUG_INFO = INCLUDE_SOURCE;
				MTL_FAST_MATH = YES;
				ONLY_ACTIVE_ARCH = YES;
				SDKROOT = iphoneos;
				SWIFT_ACTIVE_COMPILATION_CONDITIONS = DEBUG;
				SWIFT_OPTIMIZATION_LEVEL = "-Onone";
			};
			name = Debug;
		};
		E6B621BA233E92C00060D8C1 /* Release */ = {
			isa = XCBuildConfiguration;
			buildSettings = {
				ALWAYS_SEARCH_USER_PATHS = NO;
				CLANG_ANALYZER_NONNULL = YES;
				CLANG_ANALYZER_NUMBER_OBJECT_CONVERSION = YES_AGGRESSIVE;
				CLANG_CXX_LANGUAGE_STANDARD = "gnu++14";
				CLANG_CXX_LIBRARY = "libc++";
				CLANG_ENABLE_MODULES = YES;
				CLANG_ENABLE_OBJC_ARC = YES;
				CLANG_ENABLE_OBJC_WEAK = YES;
				CLANG_WARN_BLOCK_CAPTURE_AUTORELEASING = YES;
				CLANG_WARN_BOOL_CONVERSION = YES;
				CLANG_WARN_COMMA = YES;
				CLANG_WARN_CONSTANT_CONVERSION = YES;
				CLANG_WARN_DEPRECATED_OBJC_IMPLEMENTATIONS = YES;
				CLANG_WARN_DIRECT_OBJC_ISA_USAGE = YES_ERROR;
				CLANG_WARN_DOCUMENTATION_COMMENTS = YES;
				CLANG_WARN_EMPTY_BODY = YES;
				CLANG_WARN_ENUM_CONVERSION = YES;
				CLANG_WARN_INFINITE_RECURSION = YES;
				CLANG_WARN_INT_CONVERSION = YES;
				CLANG_WARN_NON_LITERAL_NULL_CONVERSION = YES;
				CLANG_WARN_OBJC_IMPLICIT_RETAIN_SELF = YES;
				CLANG_WARN_OBJC_LITERAL_CONVERSION = YES;
				CLANG_WARN_OBJC_ROOT_CLASS = YES_ERROR;
				CLANG_WARN_RANGE_LOOP_ANALYSIS = YES;
				CLANG_WARN_STRICT_PROTOTYPES = YES;
				CLANG_WARN_SUSPICIOUS_MOVE = YES;
				CLANG_WARN_UNGUARDED_AVAILABILITY = YES_AGGRESSIVE;
				CLANG_WARN_UNREACHABLE_CODE = YES;
				CLANG_WARN__DUPLICATE_METHOD_MATCH = YES;
				CODE_SIGN_IDENTITY = "iPhone Developer";
				COPY_PHASE_STRIP = NO;
				DEBUG_INFORMATION_FORMAT = "dwarf-with-dsym";
				ENABLE_NS_ASSERTIONS = NO;
				ENABLE_STRICT_OBJC_MSGSEND = YES;
				GCC_C_LANGUAGE_STANDARD = gnu11;
				GCC_NO_COMMON_BLOCKS = YES;
				GCC_WARN_64_TO_32_BIT_CONVERSION = YES;
				GCC_WARN_ABOUT_RETURN_TYPE = YES_ERROR;
				GCC_WARN_UNDECLARED_SELECTOR = YES;
				GCC_WARN_UNINITIALIZED_AUTOS = YES_AGGRESSIVE;
				GCC_WARN_UNUSED_FUNCTION = YES;
				GCC_WARN_UNUSED_VARIABLE = YES;
				IPHONEOS_DEPLOYMENT_TARGET = 12.4;
				MTL_ENABLE_DEBUG_INFO = NO;
				MTL_FAST_MATH = YES;
				SDKROOT = iphoneos;
				SWIFT_COMPILATION_MODE = wholemodule;
				SWIFT_OPTIMIZATION_LEVEL = "-O";
				VALIDATE_PRODUCT = YES;
			};
			name = Release;
		};
		E6B621BC233E92C00060D8C1 /* Debug */ = {
			isa = XCBuildConfiguration;
			baseConfigurationReference = B8C6EC4FD91C01DBC67EB684 /* Pods-Pesequel.debug.xcconfig */;
			buildSettings = {
				ASSETCATALOG_COMPILER_APPICON_NAME = AppIcon;
				CODE_SIGN_STYLE = Automatic;
				DEVELOPMENT_TEAM = 2ZPU8DXPAZ;
				INFOPLIST_FILE = Pesequel/Info.plist;
				IPHONEOS_DEPLOYMENT_TARGET = 12.0;
				LD_RUNPATH_SEARCH_PATHS = (
					"$(inherited)",
					"@executable_path/Frameworks",
				);
				PRODUCT_BUNDLE_IDENTIFIER = AI.Pesequel;
				PRODUCT_NAME = "$(TARGET_NAME)";
				SWIFT_VERSION = 5.0;
				TARGETED_DEVICE_FAMILY = "1,2";
			};
			name = Debug;
		};
		E6B621BD233E92C00060D8C1 /* Release */ = {
			isa = XCBuildConfiguration;
			baseConfigurationReference = 37B816AC9227EDA2E6F5A283 /* Pods-Pesequel.release.xcconfig */;
			buildSettings = {
				ASSETCATALOG_COMPILER_APPICON_NAME = AppIcon;
				CODE_SIGN_STYLE = Automatic;
				DEVELOPMENT_TEAM = 2ZPU8DXPAZ;
				INFOPLIST_FILE = Pesequel/Info.plist;
				IPHONEOS_DEPLOYMENT_TARGET = 12.0;
				LD_RUNPATH_SEARCH_PATHS = (
					"$(inherited)",
					"@executable_path/Frameworks",
				);
				PRODUCT_BUNDLE_IDENTIFIER = AI.Pesequel;
				PRODUCT_NAME = "$(TARGET_NAME)";
				SWIFT_VERSION = 5.0;
				TARGETED_DEVICE_FAMILY = "1,2";
			};
			name = Release;
		};
/* End XCBuildConfiguration section */

/* Begin XCConfigurationList section */
		E6B621A4233E92BB0060D8C1 /* Build configuration list for PBXProject "Pesequel" */ = {
			isa = XCConfigurationList;
			buildConfigurations = (
				E6B621B9233E92C00060D8C1 /* Debug */,
				E6B621BA233E92C00060D8C1 /* Release */,
			);
			defaultConfigurationIsVisible = 0;
			defaultConfigurationName = Release;
		};
		E6B621BB233E92C00060D8C1 /* Build configuration list for PBXNativeTarget "Pesequel" */ = {
			isa = XCConfigurationList;
			buildConfigurations = (
				E6B621BC233E92C00060D8C1 /* Debug */,
				E6B621BD233E92C00060D8C1 /* Release */,
			);
			defaultConfigurationIsVisible = 0;
			defaultConfigurationName = Release;
		};
/* End XCConfigurationList section */
	};
	rootObject = E6B621A1233E92BB0060D8C1 /* Project object */;
}
